
Microsoft Visual Studio Solution File, Format Version 12.00
# Visual Studio 2012
Project("{FAE04EC0-301F-11D3-BF4B-00C04F79EFBC}") = "ComputationalPhysics", "ComputationalPhysics\ComputationalPhysics.csproj", "{4866DB91-2CAC-49B0-93C6-1BF6EC774FB4}"
EndProject
Project("{FAE04EC0-301F-11D3-BF4B-00C04F79EFBC}") = "ComputationalPhysicsTester", "ComputationalPhysicsTester\ComputationalPhysicsTester.csproj", "{FABD8841-60D1-4026-A9D1-9557A185DDFA}"
EndProject
Project("{FAE04EC0-301F-11D3-BF4B-00C04F79EFBC}") = "SessionNetLib", "SessionNetLib\SessionNetLib.csproj", "{B292C7B8-6CFB-46F5-A118-1CB10B1C9EBA}"
EndProject
Project("{FAE04EC0-301F-11D3-BF4B-00C04F79EFBC}") = "Tester", "Tester\Tester.csproj", "{BCDF40FD-32A3-4666-A025-AB9D02F71E7E}"
EndProject
Project("{FAE04EC0-301F-11D3-BF4B-00C04F79EFBC}") = "SessionHelper", "..\TreeViz\SessionHelper\SessionHelper.csproj", "{D467A622-5130-4918-84F1-97510793EBBE}"
EndProject
Global
	GlobalSection(SolutionConfigurationPlatforms) = preSolution
		Debug|Any CPU = Debug|Any CPU
		Release|Any CPU = Release|Any CPU
	EndGlobalSection
	GlobalSection(ProjectConfigurationPlatforms) = postSolution
		{4866DB91-2CAC-49B0-93C6-1BF6EC774FB4}.Debug|Any CPU.ActiveCfg = Debug|Any CPU
		{4866DB91-2CAC-49B0-93C6-1BF6EC774FB4}.Debug|Any CPU.Build.0 = Debug|Any CPU
		{4866DB91-2CAC-49B0-93C6-1BF6EC774FB4}.Release|Any CPU.ActiveCfg = Release|Any CPU
		{4866DB91-2CAC-49B0-93C6-1BF6EC774FB4}.Release|Any CPU.Build.0 = Release|Any CPU
		{FABD8841-60D1-4026-A9D1-9557A185DDFA}.Debug|Any CPU.ActiveCfg = Debug|Any CPU
		{FABD8841-60D1-4026-A9D1-9557A185DDFA}.Debug|Any CPU.Build.0 = Debug|Any CPU
		{FABD8841-60D1-4026-A9D1-9557A185DDFA}.Release|Any CPU.ActiveCfg = Release|Any CPU
		{FABD8841-60D1-4026-A9D1-9557A185DDFA}.Release|Any CPU.Build.0 = Release|Any CPU
		{B292C7B8-6CFB-46F5-A118-1CB10B1C9EBA}.Debug|Any CPU.ActiveCfg = Debug|Any CPU
		{B292C7B8-6CFB-46F5-A118-1CB10B1C9EBA}.Debug|Any CPU.Build.0 = Debug|Any CPU
		{B292C7B8-6CFB-46F5-A118-1CB10B1C9EBA}.Release|Any CPU.ActiveCfg = Release|Any CPU
		{B292C7B8-6CFB-46F5-A118-1CB10B1C9EBA}.Release|Any CPU.Build.0 = Release|Any CPU
		{BCDF40FD-32A3-4666-A025-AB9D02F71E7E}.Debug|Any CPU.ActiveCfg = Debug|Any CPU
		{BCDF40FD-32A3-4666-A025-AB9D02F71E7E}.Debug|Any CPU.Build.0 = Debug|Any CPU
		{BCDF40FD-32A3-4666-A025-AB9D02F71E7E}.Release|Any CPU.ActiveCfg = Release|Any CPU
		{BCDF40FD-32A3-4666-A025-AB9D02F71E7E}.Release|Any CPU.Build.0 = Release|Any CPU
		{D467A622-5130-4918-84F1-97510793EBBE}.Debug|Any CPU.ActiveCfg = Debug|Any CPU
		{D467A622-5130-4918-84F1-97510793EBBE}.Debug|Any CPU.Build.0 = Debug|Any CPU
		{D467A622-5130-4918-84F1-97510793EBBE}.Release|Any CPU.ActiveCfg = Release|Any CPU
		{D467A622-5130-4918-84F1-97510793EBBE}.Release|Any CPU.Build.0 = Release|Any CPU
	EndGlobalSection
	GlobalSection(SolutionProperties) = preSolution
		HideSolutionNode = FALSE
	EndGlobalSection
EndGlobal
